
Microsoft Visual Studio Solution File, Format Version 12.00
# Visual Studio 15
VisualStudioVersion = 15.0.27520.0
MinimumVisualStudioVersion = 10.0.40219.1
Project("{FAE04EC0-301F-11D3-BF4B-00C04F79EFBC}") = "BlazerOne", "BlazerOne\BlazerOne.csproj", "{38B923D1-73BC-4A18-8567-B59732175091}"
EndProject
Global
	GlobalSection(SolutionConfigurationPlatforms) = preSolution
		Debug|Any CPU = Debug|Any CPU
		Release|Any CPU = Release|Any CPU
	EndGlobalSection
	GlobalSection(ProjectConfigurationPlatforms) = postSolution
		{38B923D1-73BC-4A18-8567-B59732175091}.Debug|Any CPU.ActiveCfg = Debug|Any CPU
		{38B923D1-73BC-4A18-8567-B59732175091}.Debug|Any CPU.Build.0 = Debug|Any CPU
		{38B923D1-73BC-4A18-8567-B59732175091}.Release|Any CPU.ActiveCfg = Release|Any CPU
		{38B923D1-73BC-4A18-8567-B59732175091}.Release|Any CPU.Build.0 = Release|Any CPU
	EndGlobalSection
	GlobalSection(SolutionProperties) = preSolution
		HideSolutionNode = FALSE
	EndGlobalSection
	GlobalSection(ExtensibilityGlobals) = postSolution
		SolutionGuid = {A6FBAFCA-2E92-4FDF-A9AC-564A53BC908D}
	EndGlobalSection
EndGlobal
